// !$*UTF8*$!
{
	archiveVersion = 1;
	classes = {
	};
	objectVersion = 56;
	objects = {

/* Begin PBXBuildFile section */
		BB2861E12C86688E00C7EC15 /* RealityKitContent in Frameworks */ = {isa = PBXBuildFile; productRef = BB2861E02C86688E00C7EC15 /* RealityKitContent */; };
		BB2861E32C86688E00C7EC15 /* XR_AVPApp.swift in Sources */ = {isa = PBXBuildFile; fileRef = BB2861E22C86688E00C7EC15 /* XR_AVPApp.swift */; };
		BB2861E52C86688E00C7EC15 /* ContentView.swift in Sources */ = {isa = PBXBuildFile; fileRef = BB2861E42C86688E00C7EC15 /* ContentView.swift */; };
		BB2861E72C86688E00C7EC15 /* ImmersiveView.swift in Sources */ = {isa = PBXBuildFile; fileRef = BB2861E62C86688E00C7EC15 /* ImmersiveView.swift */; };
		BB2861E92C86688E00C7EC15 /* ImageBasedLighting.skybox in Resources */ = {isa = PBXBuildFile; fileRef = BB2861E82C86688E00C7EC15 /* ImageBasedLighting.skybox */; };
		BB2861EB2C86689000C7EC15 /* Assets.xcassets in Resources */ = {isa = PBXBuildFile; fileRef = BB2861EA2C86689000C7EC15 /* Assets.xcassets */; };
		BB2861EE2C86689000C7EC15 /* Preview Assets.xcassets in Resources */ = {isa = PBXBuildFile; fileRef = BB2861ED2C86689000C7EC15 /* Preview Assets.xcassets */; };
		BB2861F92C86689100C7EC15 /* XR_AVPTests.swift in Sources */ = {isa = PBXBuildFile; fileRef = BB2861F82C86689100C7EC15 /* XR_AVPTests.swift */; };
		BB2862032C8673AD00C7EC15 /* Entity+Sunlight.swift in Sources */ = {isa = PBXBuildFile; fileRef = BB2862022C8673AD00C7EC15 /* Entity+Sunlight.swift */; };
		BB28620C2C867EAF00C7EC15 /* PortalViewModel.swift in Sources */ = {isa = PBXBuildFile; fileRef = BB28620B2C867EAF00C7EC15 /* PortalViewModel.swift */; };
		BB28620E2C867F0F00C7EC15 /* InteractionViewModel.swift in Sources */ = {isa = PBXBuildFile; fileRef = BB28620D2C867F0F00C7EC15 /* InteractionViewModel.swift */; };
		BB2862112C867F5000C7EC15 /* PortalView.swift in Sources */ = {isa = PBXBuildFile; fileRef = BB2862102C867F5000C7EC15 /* PortalView.swift */; };
		BB2862152C86976200C7EC15 /* Portal.swift in Sources */ = {isa = PBXBuildFile; fileRef = BB2862142C86976200C7EC15 /* Portal.swift */; };
		BB2862172C87440300C7EC15 /* SettingView.swift in Sources */ = {isa = PBXBuildFile; fileRef = BB2862162C87440300C7EC15 /* SettingView.swift */; };
/* End PBXBuildFile section */

/* Begin PBXContainerItemProxy section */
		BB2861F52C86689100C7EC15 /* PBXContainerItemProxy */ = {
			isa = PBXContainerItemProxy;
			containerPortal = BB2861D32C86688E00C7EC15 /* Project object */;
			proxyType = 1;
			remoteGlobalIDString = BB2861DA2C86688E00C7EC15;
			remoteInfo = XR_AVP;
		};
/* End PBXContainerItemProxy section */

/* Begin PBXFileReference section */
		BB2861DB2C86688E00C7EC15 /* XR_AVP.app */ = {isa = PBXFileReference; explicitFileType = wrapper.application; includeInIndex = 0; path = XR_AVP.app; sourceTree = BUILT_PRODUCTS_DIR; };
		BB2861DF2C86688E00C7EC15 /* RealityKitContent */ = {isa = PBXFileReference; lastKnownFileType = wrapper; path = RealityKitContent; sourceTree = "<group>"; };
		BB2861E22C86688E00C7EC15 /* XR_AVPApp.swift */ = {isa = PBXFileReference; lastKnownFileType = sourcecode.swift; path = XR_AVPApp.swift; sourceTree = "<group>"; };
		BB2861E42C86688E00C7EC15 /* ContentView.swift */ = {isa = PBXFileReference; lastKnownFileType = sourcecode.swift; path = ContentView.swift; sourceTree = "<group>"; };
		BB2861E62C86688E00C7EC15 /* ImmersiveView.swift */ = {isa = PBXFileReference; lastKnownFileType = sourcecode.swift; path = ImmersiveView.swift; sourceTree = "<group>"; };
		BB2861E82C86688E00C7EC15 /* ImageBasedLighting.skybox */ = {isa = PBXFileReference; lastKnownFileType = file.skybox; path = ImageBasedLighting.skybox; sourceTree = "<group>"; };
		BB2861EA2C86689000C7EC15 /* Assets.xcassets */ = {isa = PBXFileReference; lastKnownFileType = folder.assetcatalog; path = Assets.xcassets; sourceTree = "<group>"; };
		BB2861ED2C86689000C7EC15 /* Preview Assets.xcassets */ = {isa = PBXFileReference; lastKnownFileType = folder.assetcatalog; path = "Preview Assets.xcassets"; sourceTree = "<group>"; };
		BB2861EF2C86689000C7EC15 /* Info.plist */ = {isa = PBXFileReference; lastKnownFileType = text.plist.xml; path = Info.plist; sourceTree = "<group>"; };
		BB2861F42C86689100C7EC15 /* XR_AVPTests.xctest */ = {isa = PBXFileReference; explicitFileType = wrapper.cfbundle; includeInIndex = 0; path = XR_AVPTests.xctest; sourceTree = BUILT_PRODUCTS_DIR; };
		BB2861F82C86689100C7EC15 /* XR_AVPTests.swift */ = {isa = PBXFileReference; lastKnownFileType = sourcecode.swift; path = XR_AVPTests.swift; sourceTree = "<group>"; };
		BB2862022C8673AD00C7EC15 /* Entity+Sunlight.swift */ = {isa = PBXFileReference; lastKnownFileType = sourcecode.swift; path = "Entity+Sunlight.swift"; sourceTree = "<group>"; };
		BB28620B2C867EAF00C7EC15 /* PortalViewModel.swift */ = {isa = PBXFileReference; lastKnownFileType = sourcecode.swift; path = PortalViewModel.swift; sourceTree = "<group>"; };
		BB28620D2C867F0F00C7EC15 /* InteractionViewModel.swift */ = {isa = PBXFileReference; lastKnownFileType = sourcecode.swift; path = InteractionViewModel.swift; sourceTree = "<group>"; };
		BB2862102C867F5000C7EC15 /* PortalView.swift */ = {isa = PBXFileReference; lastKnownFileType = sourcecode.swift; path = PortalView.swift; sourceTree = "<group>"; };
		BB2862142C86976200C7EC15 /* Portal.swift */ = {isa = PBXFileReference; lastKnownFileType = sourcecode.swift; path = Portal.swift; sourceTree = "<group>"; };
		BB2862162C87440300C7EC15 /* SettingView.swift */ = {isa = PBXFileReference; lastKnownFileType = sourcecode.swift; path = SettingView.swift; sourceTree = "<group>"; };
/* End PBXFileReference section */

/* Begin PBXFrameworksBuildPhase section */
		BB2861D82C86688E00C7EC15 /* Frameworks */ = {
			isa = PBXFrameworksBuildPhase;
			buildActionMask = 2147483647;
			files = (
				BB2861E12C86688E00C7EC15 /* RealityKitContent in Frameworks */,
			);
			runOnlyForDeploymentPostprocessing = 0;
		};
		BB2861F12C86689100C7EC15 /* Frameworks */ = {
			isa = PBXFrameworksBuildPhase;
			buildActionMask = 2147483647;
			files = (
			);
			runOnlyForDeploymentPostprocessing = 0;
		};
/* End PBXFrameworksBuildPhase section */

/* Begin PBXGroup section */
		BB2861D22C86688E00C7EC15 = {
			isa = PBXGroup;
			children = (
				BB2861DD2C86688E00C7EC15 /* XR_AVP */,
				BB2861DE2C86688E00C7EC15 /* Packages */,
				BB2861F72C86689100C7EC15 /* XR_AVPTests */,
				BB2861DC2C86688E00C7EC15 /* Products */,
			);
			sourceTree = "<group>";
		};
		BB2861DC2C86688E00C7EC15 /* Products */ = {
			isa = PBXGroup;
			children = (
				BB2861DB2C86688E00C7EC15 /* XR_AVP.app */,
				BB2861F42C86689100C7EC15 /* XR_AVPTests.xctest */,
			);
			name = Products;
			sourceTree = "<group>";
		};
		BB2861DD2C86688E00C7EC15 /* XR_AVP */ = {
			isa = PBXGroup;
			children = (
				BB2861E22C86688E00C7EC15 /* XR_AVPApp.swift */,
				BB2861E42C86688E00C7EC15 /* ContentView.swift */,
				BB2861E62C86688E00C7EC15 /* ImmersiveView.swift */,
				BB28620F2C867F4500C7EC15 /* View */,
				BB28620A2C867E8E00C7EC15 /* ViewModel */,
				BB2862132C86975300C7EC15 /* Model */,
				BB2862122C86812A00C7EC15 /* Entities */,
				BB2861E82C86688E00C7EC15 /* ImageBasedLighting.skybox */,
				BB2861EA2C86689000C7EC15 /* Assets.xcassets */,
				BB2861EF2C86689000C7EC15 /* Info.plist */,
				BB2861EC2C86689000C7EC15 /* Preview Content */,
			);
			path = XR_AVP;
			sourceTree = "<group>";
		};
		BB2861DE2C86688E00C7EC15 /* Packages */ = {
			isa = PBXGroup;
			children = (
				BB2861DF2C86688E00C7EC15 /* RealityKitContent */,
			);
			path = Packages;
			sourceTree = "<group>";
		};
		BB2861EC2C86689000C7EC15 /* Preview Content */ = {
			isa = PBXGroup;
			children = (
				BB2861ED2C86689000C7EC15 /* Preview Assets.xcassets */,
			);
			path = "Preview Content";
			sourceTree = "<group>";
		};
		BB2861F72C86689100C7EC15 /* XR_AVPTests */ = {
			isa = PBXGroup;
			children = (
				BB2861F82C86689100C7EC15 /* XR_AVPTests.swift */,
			);
			path = XR_AVPTests;
			sourceTree = "<group>";
		};
		BB28620A2C867E8E00C7EC15 /* ViewModel */ = {
			isa = PBXGroup;
			children = (
				BB28620B2C867EAF00C7EC15 /* PortalViewModel.swift */,
				BB28620D2C867F0F00C7EC15 /* InteractionViewModel.swift */,
			);
			path = ViewModel;
			sourceTree = "<group>";
		};
		BB28620F2C867F4500C7EC15 /* View */ = {
			isa = PBXGroup;
			children = (
				BB2862102C867F5000C7EC15 /* PortalView.swift */,
				BB2862162C87440300C7EC15 /* SettingView.swift */,
			);
			path = View;
			sourceTree = "<group>";
		};
		BB2862122C86812A00C7EC15 /* Entities */ = {
			isa = PBXGroup;
			children = (
				BB2862022C8673AD00C7EC15 /* Entity+Sunlight.swift */,
			);
			path = Entities;
			sourceTree = "<group>";
		};
		BB2862132C86975300C7EC15 /* Model */ = {
			isa = PBXGroup;
			children = (
				BB2862142C86976200C7EC15 /* Portal.swift */,
			);
			path = Model;
			sourceTree = "<group>";
		};
/* End PBXGroup section */

/* Begin PBXNativeTarget section */
		BB2861DA2C86688E00C7EC15 /* XR_AVP */ = {
			isa = PBXNativeTarget;
			buildConfigurationList = BB2861FC2C86689100C7EC15 /* Build configuration list for PBXNativeTarget "XR_AVP" */;
			buildPhases = (
				BB2861D72C86688E00C7EC15 /* Sources */,
				BB2861D82C86688E00C7EC15 /* Frameworks */,
				BB2861D92C86688E00C7EC15 /* Resources */,
			);
			buildRules = (
			);
			dependencies = (
			);
			name = XR_AVP;
			packageProductDependencies = (
				BB2861E02C86688E00C7EC15 /* RealityKitContent */,
			);
			productName = XR_AVP;
			productReference = BB2861DB2C86688E00C7EC15 /* XR_AVP.app */;
			productType = "com.apple.product-type.application";
		};
		BB2861F32C86689100C7EC15 /* XR_AVPTests */ = {
			isa = PBXNativeTarget;
			buildConfigurationList = BB2861FF2C86689100C7EC15 /* Build configuration list for PBXNativeTarget "XR_AVPTests" */;
			buildPhases = (
				BB2861F02C86689100C7EC15 /* Sources */,
				BB2861F12C86689100C7EC15 /* Frameworks */,
				BB2861F22C86689100C7EC15 /* Resources */,
			);
			buildRules = (
			);
			dependencies = (
				BB2861F62C86689100C7EC15 /* PBXTargetDependency */,
			);
			name = XR_AVPTests;
			productName = XR_AVPTests;
			productReference = BB2861F42C86689100C7EC15 /* XR_AVPTests.xctest */;
			productType = "com.apple.product-type.bundle.unit-test";
		};
/* End PBXNativeTarget section */

/* Begin PBXProject section */
		BB2861D32C86688E00C7EC15 /* Project object */ = {
			isa = PBXProject;
			attributes = {
				BuildIndependentTargetsInParallel = 1;
				LastSwiftUpdateCheck = 1520;
				LastUpgradeCheck = 1520;
				TargetAttributes = {
					BB2861DA2C86688E00C7EC15 = {
						CreatedOnToolsVersion = 15.2;
					};
					BB2861F32C86689100C7EC15 = {
						CreatedOnToolsVersion = 15.2;
						TestTargetID = BB2861DA2C86688E00C7EC15;
					};
				};
			};
			buildConfigurationList = BB2861D62C86688E00C7EC15 /* Build configuration list for PBXProject "XR_AVP" */;
			compatibilityVersion = "Xcode 14.0";
			developmentRegion = en;
			hasScannedForEncodings = 0;
			knownRegions = (
				en,
				Base,
			);
			mainGroup = BB2861D22C86688E00C7EC15;
			productRefGroup = BB2861DC2C86688E00C7EC15 /* Products */;
			projectDirPath = "";
			projectRoot = "";
			targets = (
				BB2861DA2C86688E00C7EC15 /* XR_AVP */,
				BB2861F32C86689100C7EC15 /* XR_AVPTests */,
			);
		};
/* End PBXProject section */

/* Begin PBXResourcesBuildPhase section */
		BB2861D92C86688E00C7EC15 /* Resources */ = {
			isa = PBXResourcesBuildPhase;
			buildActionMask = 2147483647;
			files = (
				BB2861EB2C86689000C7EC15 /* Assets.xcassets in Resources */,
				BB2861EE2C86689000C7EC15 /* Preview Assets.xcassets in Resources */,
				BB2861E92C86688E00C7EC15 /* ImageBasedLighting.skybox in Resources */,
			);
			runOnlyForDeploymentPostprocessing = 0;
		};
		BB2861F22C86689100C7EC15 /* Resources */ = {
			isa = PBXResourcesBuildPhase;
			buildActionMask = 2147483647;
			files = (
			);
			runOnlyForDeploymentPostprocessing = 0;
		};
/* End PBXResourcesBuildPhase section */

/* Begin PBXSourcesBuildPhase section */
		BB2861D72C86688E00C7EC15 /* Sources */ = {
			isa = PBXSourcesBuildPhase;
			buildActionMask = 2147483647;
			files = (
				BB2861E52C86688E00C7EC15 /* ContentView.swift in Sources */,
				BB2862152C86976200C7EC15 /* Portal.swift in Sources */,
				BB2861E32C86688E00C7EC15 /* XR_AVPApp.swift in Sources */,
				BB2862172C87440300C7EC15 /* SettingView.swift in Sources */,
				BB2862112C867F5000C7EC15 /* PortalView.swift in Sources */,
				BB28620C2C867EAF00C7EC15 /* PortalViewModel.swift in Sources */,
				BB28620E2C867F0F00C7EC15 /* InteractionViewModel.swift in Sources */,
				BB2862032C8673AD00C7EC15 /* Entity+Sunlight.swift in Sources */,
				BB2861E72C86688E00C7EC15 /* ImmersiveView.swift in Sources */,
			);
			runOnlyForDeploymentPostprocessing = 0;
		};
		BB2861F02C86689100C7EC15 /* Sources */ = {
			isa = PBXSourcesBuildPhase;
			buildActionMask = 2147483647;
			files = (
				BB2861F92C86689100C7EC15 /* XR_AVPTests.swift in Sources */,
			);
			runOnlyForDeploymentPostprocessing = 0;
		};
/* End PBXSourcesBuildPhase section */

/* Begin PBXTargetDependency section */
		BB2861F62C86689100C7EC15 /* PBXTargetDependency */ = {
			isa = PBXTargetDependency;
			target = BB2861DA2C86688E00C7EC15 /* XR_AVP */;
			targetProxy = BB2861F52C86689100C7EC15 /* PBXContainerItemProxy */;
		};
/* End PBXTargetDependency section */

/* Begin XCBuildConfiguration section */
		BB2861FA2C86689100C7EC15 /* Debug */ = {
			isa = XCBuildConfiguration;
			buildSettings = {
				ALWAYS_SEARCH_USER_PATHS = NO;
				ASSETCATALOG_COMPILER_GENERATE_SWIFT_ASSET_SYMBOL_EXTENSIONS = YES;
				CLANG_ANALYZER_NONNULL = YES;
				CLANG_ANALYZER_NUMBER_OBJECT_CONVERSION = YES_AGGRESSIVE;
				CLANG_CXX_LANGUAGE_STANDARD = "gnu++20";
				CLANG_ENABLE_MODULES = YES;
				CLANG_ENABLE_OBJC_ARC = YES;
				CLANG_ENABLE_OBJC_WEAK = YES;
				CLANG_WARN_BLOCK_CAPTURE_AUTORELEASING = YES;
				CLANG_WARN_BOOL_CONVERSION = YES;
				CLANG_WARN_COMMA = YES;
				CLANG_WARN_CONSTANT_CONVERSION = YES;
				CLANG_WARN_DEPRECATED_OBJC_IMPLEMENTATIONS = YES;
				CLANG_WARN_DIRECT_OBJC_ISA_USAGE = YES_ERROR;
				CLANG_WARN_DOCUMENTATION_COMMENTS = YES;
				CLANG_WARN_EMPTY_BODY = YES;
				CLANG_WARN_ENUM_CONVERSION = YES;
				CLANG_WARN_INFINITE_RECURSION = YES;
				CLANG_WARN_INT_CONVERSION = YES;
				CLANG_WARN_NON_LITERAL_NULL_CONVERSION = YES;
				CLANG_WARN_OBJC_IMPLICIT_RETAIN_SELF = YES;
				CLANG_WARN_OBJC_LITERAL_CONVERSION = YES;
				CLANG_WARN_OBJC_ROOT_CLASS = YES_ERROR;
				CLANG_WARN_QUOTED_INCLUDE_IN_FRAMEWORK_HEADER = YES;
				CLANG_WARN_RANGE_LOOP_ANALYSIS = YES;
				CLANG_WARN_STRICT_PROTOTYPES = YES;
				CLANG_WARN_SUSPICIOUS_MOVE = YES;
				CLANG_WARN_UNGUARDED_AVAILABILITY = YES_AGGRESSIVE;
				CLANG_WARN_UNREACHABLE_CODE = YES;
				CLANG_WARN__DUPLICATE_METHOD_MATCH = YES;
				COPY_PHASE_STRIP = NO;
				DEBUG_INFORMATION_FORMAT = dwarf;
				ENABLE_STRICT_OBJC_MSGSEND = YES;
				ENABLE_TESTABILITY = YES;
				ENABLE_USER_SCRIPT_SANDBOXING = YES;
				GCC_C_LANGUAGE_STANDARD = gnu17;
				GCC_DYNAMIC_NO_PIC = NO;
				GCC_NO_COMMON_BLOCKS = YES;
				GCC_OPTIMIZATION_LEVEL = 0;
				GCC_PREPROCESSOR_DEFINITIONS = (
					"DEBUG=1",
					"$(inherited)",
				);
				GCC_WARN_64_TO_32_BIT_CONVERSION = YES;
				GCC_WARN_ABOUT_RETURN_TYPE = YES_ERROR;
				GCC_WARN_UNDECLARED_SELECTOR = YES;
				GCC_WARN_UNINITIALIZED_AUTOS = YES_AGGRESSIVE;
				GCC_WARN_UNUSED_FUNCTION = YES;
				GCC_WARN_UNUSED_VARIABLE = YES;
				LOCALIZATION_PREFERS_STRING_CATALOGS = YES;
				MTL_ENABLE_DEBUG_INFO = INCLUDE_SOURCE;
				MTL_FAST_MATH = YES;
				ONLY_ACTIVE_ARCH = YES;
				SDKROOT = xros;
				SWIFT_ACTIVE_COMPILATION_CONDITIONS = "DEBUG $(inherited)";
				SWIFT_OPTIMIZATION_LEVEL = "-Onone";
				XROS_DEPLOYMENT_TARGET = 1.0;
			};
			name = Debug;
		};
		BB2861FB2C86689100C7EC15 /* Release */ = {
			isa = XCBuildConfiguration;
			buildSettings = {
				ALWAYS_SEARCH_USER_PATHS = NO;
				ASSETCATALOG_COMPILER_GENERATE_SWIFT_ASSET_SYMBOL_EXTENSIONS = YES;
				CLANG_ANALYZER_NONNULL = YES;
				CLANG_ANALYZER_NUMBER_OBJECT_CONVERSION = YES_AGGRESSIVE;
				CLANG_CXX_LANGUAGE_STANDARD = "gnu++20";
				CLANG_ENABLE_MODULES = YES;
				CLANG_ENABLE_OBJC_ARC = YES;
				CLANG_ENABLE_OBJC_WEAK = YES;
				CLANG_WARN_BLOCK_CAPTURE_AUTORELEASING = YES;
				CLANG_WARN_BOOL_CONVERSION = YES;
				CLANG_WARN_COMMA = YES;
				CLANG_WARN_CONSTANT_CONVERSION = YES;
				CLANG_WARN_DEPRECATED_OBJC_IMPLEMENTATIONS = YES;
				CLANG_WARN_DIRECT_OBJC_ISA_USAGE = YES_ERROR;
				CLANG_WARN_DOCUMENTATION_COMMENTS = YES;
				CLANG_WARN_EMPTY_BODY = YES;
				CLANG_WARN_ENUM_CONVERSION = YES;
				CLANG_WARN_INFINITE_RECURSION = YES;
				CLANG_WARN_INT_CONVERSION = YES;
				CLANG_WARN_NON_LITERAL_NULL_CONVERSION = YES;
				CLANG_WARN_OBJC_IMPLICIT_RETAIN_SELF = YES;
				CLANG_WARN_OBJC_LITERAL_CONVERSION = YES;
				CLANG_WARN_OBJC_ROOT_CLASS = YES_ERROR;
				CLANG_WARN_QUOTED_INCLUDE_IN_FRAMEWORK_HEADER = YES;
				CLANG_WARN_RANGE_LOOP_ANALYSIS = YES;
				CLANG_WARN_STRICT_PROTOTYPES = YES;
				CLANG_WARN_SUSPICIOUS_MOVE = YES;
				CLANG_WARN_UNGUARDED_AVAILABILITY = YES_AGGRESSIVE;
				CLANG_WARN_UNREACHABLE_CODE = YES;
				CLANG_WARN__DUPLICATE_METHOD_MATCH = YES;
				COPY_PHASE_STRIP = NO;
				DEBUG_INFORMATION_FORMAT = "dwarf-with-dsym";
				ENABLE_NS_ASSERTIONS = NO;
				ENABLE_STRICT_OBJC_MSGSEND = YES;
				ENABLE_USER_SCRIPT_SANDBOXING = YES;
				GCC_C_LANGUAGE_STANDARD = gnu17;
				GCC_NO_COMMON_BLOCKS = YES;
				GCC_WARN_64_TO_32_BIT_CONVERSION = YES;
				GCC_WARN_ABOUT_RETURN_TYPE = YES_ERROR;
				GCC_WARN_UNDECLARED_SELECTOR = YES;
				GCC_WARN_UNINITIALIZED_AUTOS = YES_AGGRESSIVE;
				GCC_WARN_UNUSED_FUNCTION = YES;
				GCC_WARN_UNUSED_VARIABLE = YES;
				LOCALIZATION_PREFERS_STRING_CATALOGS = YES;
				MTL_ENABLE_DEBUG_INFO = NO;
				MTL_FAST_MATH = YES;
				SDKROOT = xros;
				SWIFT_COMPILATION_MODE = wholemodule;
				VALIDATE_PRODUCT = YES;
				XROS_DEPLOYMENT_TARGET = 1.0;
			};
			name = Release;
		};
		BB2861FD2C86689100C7EC15 /* Debug */ = {
			isa = XCBuildConfiguration;
			buildSettings = {
				ASSETCATALOG_COMPILER_APPICON_NAME = AppIcon;
				ASSETCATALOG_COMPILER_GLOBAL_ACCENT_COLOR_NAME = AccentColor;
				CODE_SIGN_STYLE = Automatic;
				CURRENT_PROJECT_VERSION = 1;
				DEVELOPMENT_ASSET_PATHS = "\"XR_AVP/Preview Content\"";
				DEVELOPMENT_TEAM = U6J58C8CJT;
				ENABLE_PREVIEWS = YES;
				GENERATE_INFOPLIST_FILE = YES;
				INFOPLIST_FILE = "$(TARGET_NAME)/Info.plist";
				LD_RUNPATH_SEARCH_PATHS = (
					"$(inherited)",
					"@executable_path/Frameworks",
				);
				MARKETING_VERSION = 1.0;
				PRODUCT_BUNDLE_IDENTIFIER = "com.duke.yl967.XR-AVP";
				PRODUCT_NAME = "$(TARGET_NAME)";
				SUPPORTED_PLATFORMS = "xros xrsimulator";
				SWIFT_EMIT_LOC_STRINGS = YES;
				SWIFT_VERSION = 5.0;
				TARGETED_DEVICE_FAMILY = "1,2,7";
			};
			name = Debug;
		};
		BB2861FE2C86689100C7EC15 /* Release */ = {
			isa = XCBuildConfiguration;
			buildSettings = {
				ASSETCATALOG_COMPILER_APPICON_NAME = AppIcon;
				ASSETCATALOG_COMPILER_GLOBAL_ACCENT_COLOR_NAME = AccentColor;
				CODE_SIGN_STYLE = Automatic;
				CURRENT_PROJECT_VERSION = 1;
				DEVELOPMENT_ASSET_PATHS = "\"XR_AVP/Preview Content\"";
				DEVELOPMENT_TEAM = U6J58C8CJT;
				ENABLE_PREVIEWS = YES;
				GENERATE_INFOPLIST_FILE = YES;
				INFOPLIST_FILE = "$(TARGET_NAME)/Info.plist";
				LD_RUNPATH_SEARCH_PATHS = (
					"$(inherited)",
					"@executable_path/Frameworks",
				);
				MARKETING_VERSION = 1.0;
				PRODUCT_BUNDLE_IDENTIFIER = "com.duke.yl967.XR-AVP";
				PRODUCT_NAME = "$(TARGET_NAME)";
				SUPPORTED_PLATFORMS = "xros xrsimulator";
				SWIFT_EMIT_LOC_STRINGS = YES;
				SWIFT_VERSION = 5.0;
				TARGETED_DEVICE_FAMILY = "1,2,7";
			};
			name = Release;
		};
		BB2862002C86689100C7EC15 /* Debug */ = {
			isa = XCBuildConfiguration;
			buildSettings = {
				ALWAYS_EMBED_SWIFT_STANDARD_LIBRARIES = YES;
				BUNDLE_LOADER = "$(TEST_HOST)";
				CODE_SIGN_STYLE = Automatic;
				CURRENT_PROJECT_VERSION = 1;
				DEVELOPMENT_TEAM = U6J58C8CJT;
				GENERATE_INFOPLIST_FILE = YES;
				MARKETING_VERSION = 1.0;
				PRODUCT_BUNDLE_IDENTIFIER = "com.duke.yl967.XR-AVPTests";
				PRODUCT_NAME = "$(TARGET_NAME)";
				SUPPORTED_PLATFORMS = "xros xrsimulator";
				SWIFT_EMIT_LOC_STRINGS = NO;
				SWIFT_VERSION = 5.0;
				TARGETED_DEVICE_FAMILY = "1,2,7";
				TEST_HOST = "$(BUILT_PRODUCTS_DIR)/XR_AVP.app/$(BUNDLE_EXECUTABLE_FOLDER_PATH)/XR_AVP";
				XROS_DEPLOYMENT_TARGET = 1.0;
			};
			name = Debug;
		};
		BB2862012C86689100C7EC15 /* Release */ = {
			isa = XCBuildConfiguration;
			buildSettings = {
				ALWAYS_EMBED_SWIFT_STANDARD_LIBRARIES = YES;
				BUNDLE_LOADER = "$(TEST_HOST)";
				CODE_SIGN_STYLE = Automatic;
				CURRENT_PROJECT_VERSION = 1;
				DEVELOPMENT_TEAM = U6J58C8CJT;
				GENERATE_INFOPLIST_FILE = YES;
				MARKETING_VERSION = 1.0;
				PRODUCT_BUNDLE_IDENTIFIER = "com.duke.yl967.XR-AVPTests";
				PRODUCT_NAME = "$(TARGET_NAME)";
				SUPPORTED_PLATFORMS = "xros xrsimulator";
				SWIFT_EMIT_LOC_STRINGS = NO;
				SWIFT_VERSION = 5.0;
				TARGETED_DEVICE_FAMILY = "1,2,7";
				TEST_HOST = "$(BUILT_PRODUCTS_DIR)/XR_AVP.app/$(BUNDLE_EXECUTABLE_FOLDER_PATH)/XR_AVP";
				XROS_DEPLOYMENT_TARGET = 1.0;
			};
			name = Release;
		};
/* End XCBuildConfiguration section */

/* Begin XCConfigurationList section */
		BB2861D62C86688E00C7EC15 /* Build configuration list for PBXProject "XR_AVP" */ = {
			isa = XCConfigurationList;
			buildConfigurations = (
				BB2861FA2C86689100C7EC15 /* Debug */,
				BB2861FB2C86689100C7EC15 /* Release */,
			);
			defaultConfigurationIsVisible = 0;
			defaultConfigurationName = Release;
		};
		BB2861FC2C86689100C7EC15 /* Build configuration list for PBXNativeTarget "XR_AVP" */ = {
			isa = XCConfigurationList;
			buildConfigurations = (
				BB2861FD2C86689100C7EC15 /* Debug */,
				BB2861FE2C86689100C7EC15 /* Release */,
			);
			defaultConfigurationIsVisible = 0;
			defaultConfigurationName = Release;
		};
		BB2861FF2C86689100C7EC15 /* Build configuration list for PBXNativeTarget "XR_AVPTests" */ = {
			isa = XCConfigurationList;
			buildConfigurations = (
				BB2862002C86689100C7EC15 /* Debug */,
				BB2862012C86689100C7EC15 /* Release */,
			);
			defaultConfigurationIsVisible = 0;
			defaultConfigurationName = Release;
		};
/* End XCConfigurationList section */

/* Begin XCSwiftPackageProductDependency section */
		BB2861E02C86688E00C7EC15 /* RealityKitContent */ = {
			isa = XCSwiftPackageProductDependency;
			productName = RealityKitContent;
		};
/* End XCSwiftPackageProductDependency section */
	};
	rootObject = BB2861D32C86688E00C7EC15 /* Project object */;
}
